
Microsoft Visual Studio Solution File, Format Version 12.00
# Visual Studio Version 16
VisualStudioVersion = 16.0.31624.102
MinimumVisualStudioVersion = 10.0.40219.1
Project("{FAE04EC0-301F-11D3-BF4B-00C04F79EFBC}") = "LoginWeb", "LoginWeb.csproj", "{D461678C-53F2-4A5F-974D-653C5278175C}"
EndProject
Global
	GlobalSection(SolutionConfigurationPlatforms) = preSolution
		Debug|Any CPU = Debug|Any CPU
		Release|Any CPU = Release|Any CPU
	EndGlobalSection
	GlobalSection(ProjectConfigurationPlatforms) = postSolution
		{D461678C-53F2-4A5F-974D-653C5278175C}.Debug|Any CPU.ActiveCfg = Debug|Any CPU
		{D461678C-53F2-4A5F-974D-653C5278175C}.Debug|Any CPU.Build.0 = Debug|Any CPU
		{D461678C-53F2-4A5F-974D-653C5278175C}.Release|Any CPU.ActiveCfg = Release|Any CPU
		{D461678C-53F2-4A5F-974D-653C5278175C}.Release|Any CPU.Build.0 = Release|Any CPU
	EndGlobalSection
	GlobalSection(SolutionProperties) = preSolution
		HideSolutionNode = FALSE
	EndGlobalSection
	GlobalSection(ExtensibilityGlobals) = postSolution
		SolutionGuid = {72B8698A-20C2-4392-805A-5C64096C02CA}
	EndGlobalSection
EndGlobal
